{
  "lockfile_version": "1",
  "packages": {
    "k3sup@latest": {
      "last_modified": "2024-08-18T12:44:29Z",
      "resolved": "github:NixOS/nixpkgs/ff1c2669bbb4d0dd9e62cc94f0968cfa652ceec1#k3sup",
      "source": "devbox-search",
      "version": "0.13.6",
      "systems": {
        "aarch64-darwin": {
          "outputs": [
            {
              "name": "out",
              "path": "/nix/store/q0g9znawayajbh7x9h2fnl9isc0hxbm7-k3sup-0.13.6",
              "default": true
            }
          ],
          "store_path": "/nix/store/q0g9znawayajbh7x9h2fnl9isc0hxbm7-k3sup-0.13.6"
        },
        "aarch64-linux": {
          "outputs": [
            {
              "name": "out",
              "path": "/nix/store/4lzsmny794wfrm5dg3hz88v4wlc2w9gp-k3sup-0.13.6",
              "default": true
            }
          ],
          "store_path": "/nix/store/4lzsmny794wfrm5dg3hz88v4wlc2w9gp-k3sup-0.13.6"
        },
        "x86_64-darwin": {
          "outputs": [
            {
              "name": "out",
              "path": "/nix/store/vpz856sqlvxx74pmwlayiiygm8xabqj9-k3sup-0.13.6",
              "default": true
            }
          ],
          "store_path": "/nix/store/vpz856sqlvxx74pmwlayiiygm8xabqj9-k3sup-0.13.6"
        },
        "x86_64-linux": {
          "outputs": [
            {
              "name": "out",
              "path": "/nix/store/6kbj43739hxlycnn4ffab6vh3az4ahkb-k3sup-0.13.6",
              "default": true
            }
          ],
          "store_path": "/nix/store/6kbj43739hxlycnn4ffab6vh3az4ahkb-k3sup-0.13.6"
        }
      }
    },
    "kubectl@latest": {
      "last_modified": "2024-07-31T08:48:38Z",
      "resolved": "github:NixOS/nixpkgs/c3392ad349a5227f4a3464dce87bcc5046692fce#kubectl",
      "source": "devbox-search",
      "version": "1.30.2",
      "systems": {
        "aarch64-darwin": {
          "outputs": [
            {
              "name": "out",
              "path": "/nix/store/fbwr9m71xcvk20hizqx6v3xk27b7jx2s-kubectl-1.30.2",
              "default": true
            },
            {
              "name": "man",
              "path": "/nix/store/ckr3f7xn78bhvgici2yspf55d3yk4fc2-kubectl-1.30.2-man",
              "default": true
            },
            {
              "name": "convert",
              "path": "/nix/store/j0r251b96z6f7c4lhh64ia0hfzlal4j4-kubectl-1.30.2-convert"
            }
          ],
          "store_path": "/nix/store/fbwr9m71xcvk20hizqx6v3xk27b7jx2s-kubectl-1.30.2"
        },
        "aarch64-linux": {
          "outputs": [
            {
              "name": "out",
              "path": "/nix/store/bzmvrs9c7l65v0yzanwg67ifj1p3mgp6-kubectl-1.30.2",
              "default": true
            },
            {
              "name": "man",
              "path": "/nix/store/hdaqqi6k9hrc38y3rpfmcc7r2mbs8i82-kubectl-1.30.2-man",
              "default": true
            },
            {
              "name": "convert",
              "path": "/nix/store/yjqm0lblbvi6s5qbqajj8cgwb2wqdmml-kubectl-1.30.2-convert"
            }
          ],
          "store_path": "/nix/store/bzmvrs9c7l65v0yzanwg67ifj1p3mgp6-kubectl-1.30.2"
        },
        "x86_64-darwin": {
          "outputs": [
            {
              "name": "out",
              "path": "/nix/store/kw05xlj4qjsrkn43m28b1vxrylr555xc-kubectl-1.30.2",
              "default": true
            },
            {
              "name": "man",
              "path": "/nix/store/52dsa7q1h068f5scrmlqbk81hn9x1269-kubectl-1.30.2-man",
              "default": true
            },
            {
              "name": "convert",
              "path": "/nix/store/3ysyvy6v2m3ziwac346sdv8rfdws9a26-kubectl-1.30.2-convert"
            }
          ],
          "store_path": "/nix/store/kw05xlj4qjsrkn43m28b1vxrylr555xc-kubectl-1.30.2"
        },
        "x86_64-linux": {
          "outputs": [
            {
              "name": "out",
              "path": "/nix/store/zvqxx8phwwaq4lm29zr4z6dl0lbcsaz5-kubectl-1.30.2",
              "default": true
            },
            {
              "name": "man",
              "path": "/nix/store/3vw2hy29kzjnysczxjc67i26ah2drpn9-kubectl-1.30.2-man",
              "default": true
            },
            {
              "name": "convert",
              "path": "/nix/store/hs6w3m0z6w3g56dmalkvdv4mcky7230n-kubectl-1.30.2-convert"
            }
          ],
          "store_path": "/nix/store/zvqxx8phwwaq4lm29zr4z6dl0lbcsaz5-kubectl-1.30.2"
        }
      }
    },
    "kubernetes-helm@latest": {
      "last_modified": "2024-07-31T08:48:38Z",
      "resolved": "github:NixOS/nixpkgs/c3392ad349a5227f4a3464dce87bcc5046692fce#kubernetes-helm",
      "source": "devbox-search",
      "version": "3.15.3",
      "systems": {
        "aarch64-darwin": {
          "outputs": [
            {
              "name": "out",
              "path": "/nix/store/3vvfa309bxl2p34j3xfh0y5vll70l9xz-kubernetes-helm-3.15.3",
              "default": true
            }
          ],
          "store_path": "/nix/store/3vvfa309bxl2p34j3xfh0y5vll70l9xz-kubernetes-helm-3.15.3"
        },
        "aarch64-linux": {
          "outputs": [
            {
              "name": "out",
              "path": "/nix/store/0fm5ygdjrrddldl85hy65x9359815jlh-kubernetes-helm-3.15.3",
              "default": true
            }
          ],
          "store_path": "/nix/store/0fm5ygdjrrddldl85hy65x9359815jlh-kubernetes-helm-3.15.3"
        },
        "x86_64-darwin": {
          "outputs": [
            {
              "name": "out",
              "path": "/nix/store/fbyg2gsaf4mwml30jrsd71c90yr6f5rz-kubernetes-helm-3.15.3",
              "default": true
            }
          ],
          "store_path": "/nix/store/fbyg2gsaf4mwml30jrsd71c90yr6f5rz-kubernetes-helm-3.15.3"
        },
        "x86_64-linux": {
          "outputs": [
            {
              "name": "out",
              "path": "/nix/store/plnrclri3a7rh5v1f6aa76czw73zs0hp-kubernetes-helm-3.15.3",
              "default": true
            }
          ],
          "store_path": "/nix/store/plnrclri3a7rh5v1f6aa76czw73zs0hp-kubernetes-helm-3.15.3"
        }
      }
    },
    "kubevirt@latest": {
      "last_modified": "2024-08-14T11:41:26Z",
      "resolved": "github:NixOS/nixpkgs/0cb2fd7c59fed0cd82ef858cbcbdb552b9a33465#kubevirt",
      "source": "devbox-search",
      "version": "1.2.2",
      "systems": {
        "aarch64-darwin": {
          "outputs": [
            {
              "name": "out",
              "path": "/nix/store/hvg57xc2w5zp7qcp2c5dws28spalpknl-kubevirt-1.2.2",
              "default": true
            }
          ],
          "store_path": "/nix/store/hvg57xc2w5zp7qcp2c5dws28spalpknl-kubevirt-1.2.2"
        },
        "aarch64-linux": {
          "outputs": [
            {
              "name": "out",
              "path": "/nix/store/4a2nji807iywzzdn6d5mxib6znkff89x-kubevirt-1.2.2",
              "default": true
            }
          ],
          "store_path": "/nix/store/4a2nji807iywzzdn6d5mxib6znkff89x-kubevirt-1.2.2"
        },
        "x86_64-darwin": {
          "outputs": [
            {
              "name": "out",
              "path": "/nix/store/n86phljkw1d26rlia385nv1mzlfawdjm-kubevirt-1.2.2",
              "default": true
            }
          ],
          "store_path": "/nix/store/n86phljkw1d26rlia385nv1mzlfawdjm-kubevirt-1.2.2"
        },
        "x86_64-linux": {
          "outputs": [
            {
              "name": "out",
              "path": "/nix/store/zpaf84jah95gmipgv415xv3r7ysi1jh3-kubevirt-1.2.2",
              "default": true
            }
          ],
          "store_path": "/nix/store/zpaf84jah95gmipgv415xv3r7ysi1jh3-kubevirt-1.2.2"
        }
      }
    },
    "stow@latest": {
      "last_modified": "2024-07-31T08:48:38Z",
      "resolved": "github:NixOS/nixpkgs/c3392ad349a5227f4a3464dce87bcc5046692fce#stow",
      "source": "devbox-search",
      "version": "2.4.0",
      "systems": {
        "aarch64-darwin": {
          "outputs": [
            {
              "name": "out",
              "path": "/nix/store/5cgd5m82n1ka610f831z0ji3slm3r1lr-stow-2.4.0",
              "default": true
            }
          ],
          "store_path": "/nix/store/5cgd5m82n1ka610f831z0ji3slm3r1lr-stow-2.4.0"
        },
        "aarch64-linux": {
          "outputs": [
            {
              "name": "out",
              "path": "/nix/store/9z890bhpn0rix5kf3kx3hhabh4jjgg33-stow-2.4.0",
              "default": true
            }
          ],
          "store_path": "/nix/store/9z890bhpn0rix5kf3kx3hhabh4jjgg33-stow-2.4.0"
        },
        "x86_64-darwin": {
          "outputs": [
            {
              "name": "out",
              "path": "/nix/store/x6xbafdzv61gqi93wjbdb17fdr9bnm0i-stow-2.4.0",
              "default": true
            }
          ],
          "store_path": "/nix/store/x6xbafdzv61gqi93wjbdb17fdr9bnm0i-stow-2.4.0"
        },
        "x86_64-linux": {
          "outputs": [
            {
              "name": "out",
              "path": "/nix/store/r4vsnj2ncnv12q7mjzllirvxviy0h4i5-stow-2.4.0",
              "default": true
            }
          ],
          "store_path": "/nix/store/r4vsnj2ncnv12q7mjzllirvxviy0h4i5-stow-2.4.0"
        }
      }
    },
    "teller@latest": {
      "last_modified": "2024-07-31T08:48:38Z",
      "resolved": "github:NixOS/nixpkgs/c3392ad349a5227f4a3464dce87bcc5046692fce#teller",
      "source": "devbox-search",
      "version": "2.0.7",
      "systems": {
        "aarch64-darwin": {
          "outputs": [
            {
              "name": "out",
              "path": "/nix/store/alrvm8pbvvg0x2jk3g4cfhwwfaksr160-teller-2.0.7",
              "default": true
            }
          ],
          "store_path": "/nix/store/alrvm8pbvvg0x2jk3g4cfhwwfaksr160-teller-2.0.7"
        },
        "aarch64-linux": {
          "outputs": [
            {
              "name": "out",
              "path": "/nix/store/sdwqxb2g7lic74k6ma7i9kwx60sh4rv5-teller-2.0.7",
              "default": true
            }
          ],
          "store_path": "/nix/store/sdwqxb2g7lic74k6ma7i9kwx60sh4rv5-teller-2.0.7"
        },
        "x86_64-darwin": {
          "outputs": [
            {
              "name": "out",
              "path": "/nix/store/7agacshy25d1z57ka0wsmn3arrywa4qq-teller-2.0.7",
              "default": true
            }
          ],
          "store_path": "/nix/store/7agacshy25d1z57ka0wsmn3arrywa4qq-teller-2.0.7"
        },
        "x86_64-linux": {
          "outputs": [
            {
              "name": "out",
              "path": "/nix/store/28m67plh6wxjil9n6wwag9wvzfim1s3p-teller-2.0.7",
              "default": true
            }
          ],
          "store_path": "/nix/store/28m67plh6wxjil9n6wwag9wvzfim1s3p-teller-2.0.7"
        }
      }
    },
    "terraform@latest": {
      "last_modified": "2024-08-08T21:09:49Z",
      "resolved": "github:NixOS/nixpkgs/13fe00cb6c75461901f072ae62b5805baef9f8b2#terraform",
      "source": "devbox-search",
      "version": "1.9.4",
      "systems": {
        "aarch64-darwin": {
          "outputs": [
            {
              "name": "out",
              "path": "/nix/store/z7cs85c9d5y6ynsgj16kwfyrq9az97ir-terraform-1.9.4",
              "default": true
            }
          ],
          "store_path": "/nix/store/z7cs85c9d5y6ynsgj16kwfyrq9az97ir-terraform-1.9.4"
        },
        "aarch64-linux": {
          "outputs": [
            {
              "name": "out",
              "path": "/nix/store/nmdm5w2cxq46n298bkdsygl9wflq8397-terraform-1.9.4",
              "default": true
            }
          ],
          "store_path": "/nix/store/nmdm5w2cxq46n298bkdsygl9wflq8397-terraform-1.9.4"
        },
        "x86_64-darwin": {
          "outputs": [
            {
              "name": "out",
              "path": "/nix/store/adkd9ccv40v905pf3hcjw9ls81z4favx-terraform-1.9.4",
              "default": true
            }
          ],
          "store_path": "/nix/store/adkd9ccv40v905pf3hcjw9ls81z4favx-terraform-1.9.4"
        },
        "x86_64-linux": {
          "outputs": [
            {
              "name": "out",
              "path": "/nix/store/p7gn0l0yaz99ndw02a903kym0h268laf-terraform-1.9.4",
              "default": true
            }
          ],
          "store_path": "/nix/store/p7gn0l0yaz99ndw02a903kym0h268laf-terraform-1.9.4"
        }
      }
    }
  }
}
